<Solution>
  <Configurations>
    <Platform Name="x64" />
    <Platform Name="x86" />
  </Configurations>
  <Folder Name="/DirectXMath/">
    <Project Path="DirectX12/dxmath-floating-point-imprecision/dxmath-floating-point-imprecision.vcxproj" Id="6e13e5eb-e674-49ae-8a32-2b3d4ca8e07e" />
    <Project Path="DirectX12/dxmath-matrix-sample/dxmath-matrix-sample.vcxproj" Id="800ec596-6351-4db8-a3f7-34066a1ca289" />
    <Project Path="DirectX12/dxmath-vector-operations-sample/dxmath-vector-operations-sample.vcxproj" Id="2d1dc20d-9825-4d39-84f9-ef6939157116" />
    <Project Path="DirectX12/dxmath-vector-sample/dxmath-vector-sample.vcxproj" Id="3996fa78-622c-4638-ade1-f970af87e2db" />
  </Folder>
  <Folder Name="/Samples/">
    <Project Path="DirectX12/HelloDoritos/HelloDoritos.vcxproj" Id="7a622d1b-7e40-4cad-a02b-610e1236b36b" />
    <Project Path="DirectX12/HelloTexture/HelloTexture.vcxproj" Id="b098a704-d558-4190-a267-380528378e98" />
  </Folder>
  <Folder Name="/STD/">
    <Project Path="STD/Dynamic-Arrays-Optimization-Strategies/Dynamic-Arrays-Optimization-Strategies.vcxproj" Id="0d794147-b854-4088-b9f6-0c5615473d49" />
    <Project Path="STD/Dynamic-Arrays/Dynamic-Arrays.vcxproj" Id="6cd7f82b-22bf-4b1c-9e46-9cafeaa890da" />
    <Project Path="STD/Lambda-Expressions/Lambda-Expressions.vcxproj" Id="ec3bbf1f-6750-488d-878b-1ee3f423ed48" />
  </Folder>
  <Folder Name="/Win32/">
    <Project Path="Core/Core.vcxproj" Id="3491e9da-5e44-4832-ae4d-0ad864b56ab5" />
  </Folder>
</Solution>
