<Solution>
  <Configurations>
    <Platform Name="x64" />
    <Platform Name="x86" />
  </Configurations>
  <Folder Name="/C++STD/">
    <Project Path="C++STD/for-statement/for-statement.vcxproj" Id="85ef745e-075f-4fd0-877f-4b289c2a0cfe" />
    <Project Path="C++STD/ternary-operator/ternary-operator.vcxproj" Id="b82c2c52-e2c9-463c-be54-3668d0cfe2e5" />
    <Project Path="C++STD/while-statement/while-statement.vcxproj" Id="51c84a30-4562-4957-b6ec-613c34243909" />
  </Folder>
  <Folder Name="/DirectX/">
    <Project Path="DirectX/dxmath-floating-point-imprecision/dxmath-floating-point-imprecision.vcxproj" Id="6e13e5eb-e674-49ae-8a32-2b3d4ca8e07e" />
    <Project Path="DirectX/dxmath-matrix-sample/dxmath-matrix-sample.vcxproj" Id="800ec596-6351-4db8-a3f7-34066a1ca289" />
    <Project Path="DirectX/dxmath-vector-operations-sample/dxmath-vector-operations-sample.vcxproj" Id="2d1dc20d-9825-4d39-84f9-ef6939157116" />
    <Project Path="DirectX/dxmath-vector-sample/dxmath-vector-sample.vcxproj" Id="3996fa78-622c-4638-ade1-f970af87e2db" />
  </Folder>
</Solution>
